<?xml version="1.0" encoding="utf-8"?>
<Project ToolsVersion="4.0" xmlns="http://schemas.microsoft.com/developer/msbuild/2003">
  <ItemGroup>
    <Filter Include="Source Files">
      <UniqueIdentifier>{4FC737F1-C7A5-4376-A066-2A32D752A2FF}</UniqueIdentifier>
      <Extensions>cpp;c;cc;cxx;c++;cppm;ixx;def;odl;idl;hpj;bat;asm;asmx</Extensions>
    </Filter>
    <Filter Include="Resource Files">
      <UniqueIdentifier>{67DA6AB6-F800-4c08-8B7A-83BB121AAD01}</UniqueIdentifier>
      <Extensions>rc;ico;cur;bmp;dlg;rc2;rct;bin;rgs;gif;jpg;jpeg;jpe;resx;tiff;tif;png;wav;mfcribbon-ms</Extensions>
    </Filter>
    <Filter Include="Source Files\Classes">
      <UniqueIdentifier>{a74c49bb-bf1b-4c76-a030-07e845a341c1}</UniqueIdentifier>
    </Filter>
    <Filter Include="Source Files\Header">
      <UniqueIdentifier>{cde5cdd3-eacb-4d59-8889-13f591ecb7bf}</UniqueIdentifier>
    </Filter>
    <Filter Include="Source Files\Shader">
      <UniqueIdentifier>{28a3afc8-4192-4816-a499-36201e76b5a3}</UniqueIdentifier>
    </Filter>
  </ItemGroup>
  <ItemGroup>
    <ClCompile Include="program.cpp">
      <Filter>Source Files</Filter>
    </ClCompile>
    <ClCompile Include="game.cpp">
      <Filter>Source Files\Classes</Filter>
    </ClCompile>
    <ClCompile Include="stb_image.cpp">
      <Filter>Source Files\Classes</Filter>
    </ClCompile>
    <ClCompile Include="Texture.cpp">
      <Filter>Source Files\Classes</Filter>
    </ClCompile>
    <ClCompile Include="glad.c">
      <Filter>Source Files</Filter>
    </ClCompile>
    <ClCompile Include="Shader.cpp">
      <Filter>Source Files\Classes</Filter>
    </ClCompile>
    <ClCompile Include="Resource.cpp">
      <Filter>Source Files\Classes</Filter>
    </ClCompile>
    <ClCompile Include="Sprite2D.cpp">
      <Filter>Source Files\Classes</Filter>
    </ClCompile>
    <ClCompile Include="game_object.cpp">
      <Filter>Source Files\Classes</Filter>
    </ClCompile>
    <ClCompile Include="game_level.cpp">
      <Filter>Source Files\Classes</Filter>
    </ClCompile>
    <ClCompile Include="ball_object.cpp">
      <Filter>Source Files\Classes</Filter>
    </ClCompile>
    <ClCompile Include="Particle_Generator.cpp">
      <Filter>Source Files\Classes</Filter>
    </ClCompile>
    <ClCompile Include="post_processor.cpp">
      <Filter>Source Files\Classes</Filter>
    </ClCompile>
  </ItemGroup>
  <ItemGroup>
    <ClInclude Include="game.h">
      <Filter>Source Files\Classes</Filter>
    </ClInclude>
    <ClInclude Include="stb_image.h">
      <Filter>Source Files\Classes</Filter>
    </ClInclude>
    <ClInclude Include="glHeader.h">
      <Filter>Source Files\Header</Filter>
    </ClInclude>
    <ClInclude Include="Texture.h">
      <Filter>Source Files\Classes</Filter>
    </ClInclude>
    <ClInclude Include="Shader.h">
      <Filter>Source Files\Classes</Filter>
    </ClInclude>
    <ClInclude Include="Resource.h">
      <Filter>Source Files\Classes</Filter>
    </ClInclude>
    <ClInclude Include="Sprite2D.h">
      <Filter>Source Files\Classes</Filter>
    </ClInclude>
    <ClInclude Include="game_object.h">
      <Filter>Source Files\Classes</Filter>
    </ClInclude>
    <ClInclude Include="game_level.h">
      <Filter>Source Files\Classes</Filter>
    </ClInclude>
    <ClInclude Include="ball_object.h">
      <Filter>Source Files\Classes</Filter>
    </ClInclude>
    <ClInclude Include="Particle_Generator.h">
      <Filter>Source Files\Classes</Filter>
    </ClInclude>
    <ClInclude Include="post_processor.h">
      <Filter>Source Files\Classes</Filter>
    </ClInclude>
  </ItemGroup>
  <ItemGroup>
    <None Include="Shaders\particle.vert">
      <Filter>Source Files\Shader</Filter>
    </None>
    <None Include="Shaders\particle.frag">
      <Filter>Source Files\Shader</Filter>
    </None>
    <None Include="Shaders\sprite.vert">
      <Filter>Source Files\Shader</Filter>
    </None>
    <None Include="Shaders\sprite.frag">
      <Filter>Source Files\Shader</Filter>
    </None>
    <None Include="Shaders\post_processing.frag">
      <Filter>Source Files\Shader</Filter>
    </None>
    <None Include="Shaders\post_processing.vert">
      <Filter>Source Files\Shader</Filter>
    </None>
  </ItemGroup>
</Project>